
Microsoft Visual Studio Solution File, Format Version 12.00
# Visual Studio Version 17
VisualStudioVersion = 17.8.34316.72
MinimumVisualStudioVersion = 10.0.40219.1
Project("{9A19103F-16F7-4668-BE54-9A1E7A4F7556}") = "TerrariaRoyaleMod", "TerrariaRoyaleMod.csproj", "{89D9C70C-7A20-4FFC-8C38-BD6675A14E3D}"
EndProject
Global
	GlobalSection(SolutionConfigurationPlatforms) = preSolution
		Debug|Any CPU = Debug|Any CPU
		Release|Any CPU = Release|Any CPU
	EndGlobalSection
	GlobalSection(ProjectConfigurationPlatforms) = postSolution
		{89D9C70C-7A20-4FFC-8C38-BD6675A14E3D}.Debug|Any CPU.ActiveCfg = Debug|Any CPU
		{89D9C70C-7A20-4FFC-8C38-BD6675A14E3D}.Debug|Any CPU.Build.0 = Debug|Any CPU
		{89D9C70C-7A20-4FFC-8C38-BD6675A14E3D}.Release|Any CPU.ActiveCfg = Release|Any CPU
		{89D9C70C-7A20-4FFC-8C38-BD6675A14E3D}.Release|Any CPU.Build.0 = Release|Any CPU
	EndGlobalSection
	GlobalSection(SolutionProperties) = preSolution
		HideSolutionNode = FALSE
	EndGlobalSection
	GlobalSection(ExtensibilityGlobals) = postSolution
		SolutionGuid = {4B77507D-84EC-482D-8A28-CDD61C691583}
	EndGlobalSection
EndGlobal
